
Microsoft Visual Studio Solution File, Format Version 12.00
# Visual Studio Version 17
VisualStudioVersion = 17.4.33213.308
MinimumVisualStudioVersion = 10.0.40219.1
Project("{FAE04EC0-301F-11D3-BF4B-00C04F79EFBC}") = "MyBiblioCDsAudio", "MyBiblioCDsAudio.csproj", "{134F4355-187B-4147-B471-90F2D4368B6A}"
EndProject
Project("{2150E333-8FDC-42A3-9474-1A3956D46DE8}") = "Solution Items", "Solution Items", "{31A317F0-6E1C-49CE-A6EA-9983BA3E7FC1}"
	ProjectSection(SolutionItems) = preProject
		.editorconfig = .editorconfig
		Result.cs = Result.cs
	EndProjectSection
EndProject
Global
	GlobalSection(SolutionConfigurationPlatforms) = preSolution
		Debug|Any CPU = Debug|Any CPU
		Debug|x64 = Debug|x64
		Debug|x86 = Debug|x86
		Release|Any CPU = Release|Any CPU
		Release|x64 = Release|x64
		Release|x86 = Release|x86
	EndGlobalSection
	GlobalSection(ProjectConfigurationPlatforms) = postSolution
		{134F4355-187B-4147-B471-90F2D4368B6A}.Debug|Any CPU.ActiveCfg = Debug|Any CPU
		{134F4355-187B-4147-B471-90F2D4368B6A}.Debug|Any CPU.Build.0 = Debug|Any CPU
		{134F4355-187B-4147-B471-90F2D4368B6A}.Debug|x64.ActiveCfg = Debug|x64
		{134F4355-187B-4147-B471-90F2D4368B6A}.Debug|x64.Build.0 = Debug|x64
		{134F4355-187B-4147-B471-90F2D4368B6A}.Debug|x86.ActiveCfg = Debug|x86
		{134F4355-187B-4147-B471-90F2D4368B6A}.Debug|x86.Build.0 = Debug|x86
		{134F4355-187B-4147-B471-90F2D4368B6A}.Release|Any CPU.ActiveCfg = Debug|Any CPU
		{134F4355-187B-4147-B471-90F2D4368B6A}.Release|Any CPU.Build.0 = Debug|Any CPU
		{134F4355-187B-4147-B471-90F2D4368B6A}.Release|x64.ActiveCfg = Release|x64
		{134F4355-187B-4147-B471-90F2D4368B6A}.Release|x64.Build.0 = Release|x64
		{134F4355-187B-4147-B471-90F2D4368B6A}.Release|x86.ActiveCfg = Release|x86
		{134F4355-187B-4147-B471-90F2D4368B6A}.Release|x86.Build.0 = Release|x86
	EndGlobalSection
	GlobalSection(SolutionProperties) = preSolution
		HideSolutionNode = FALSE
	EndGlobalSection
	GlobalSection(ExtensibilityGlobals) = postSolution
		SolutionGuid = {2186C1AE-AD95-4388-882E-236E1B0BA003}
	EndGlobalSection
EndGlobal
